{
  "name": "Websystem",
  "version": "0.0.0",
  "lockfileVersion": 3,
  "requires": true,
  "packages": {
    "": {
      "name": "Websystem",
      "version": "0.0.0",
      "dependencies": {
        "@tailwindcss/postcss": "^4.0.15",
        "@tailwindcss/vite": "^4.1.2",
        "postcss": "^8.5.3",
        "tailwindcss": "^4.1.2"
      },
      "devDependencies": {
        "prettier": "^3.3.1",
        "vite": "^6.2.2"
      }
    },
    "node_modules/@alloc/quick-lru": {
      "version": "5.2.0",
      "resolved": "https://registry.npmjs.org/@alloc/quick-lru/-/quick-lru-5.2.0.tgz",
      "integrity": "sha512-UrcABB+4bUrFABwbluTIBErXwvbsU/V7TZWfmbgJfbkwiBuziS9gxdODUyuiecfdGQ85jglMW6juS3+z5TsKLw==",
      "engines": {
        "node": ">=10"
      },
      "funding": {
        "url": "https://github.com/sponsors/sindresorhus"
      }
    },
    "node_modules/@esbuild/darwin-arm64": {
      "version": "0.25.1",
      "cpu": [
        "arm64"
      ],
      "license": "MIT",
      "optional": true,
      "os": [
        "darwin"
      ],
      "engines": {
        "node": ">=18"
      }
    },
    "node_modules/@rollup/rollup-darwin-arm64": {
      "version": "4.37.0",
      "cpu": [
        "arm64"
      ],
      "license": "MIT",
      "optional": true,
      "os": [
        "darwin"
      ]
    },
    "node_modules/@tailwindcss/node": {
      "version": "4.0.15",
      "license": "MIT",
      "dependencies": {
        "enhanced-resolve": "^5.18.1",
        "jiti": "^2.4.2",
        "tailwindcss": "4.0.15"
      }
    },
    "node_modules/@tailwindcss/node/node_modules/tailwindcss": {
      "version": "4.0.15",
      "resolved": "https://registry.npmjs.org/tailwindcss/-/tailwindcss-4.0.15.tgz",
      "integrity": "sha512-6ZMg+hHdMJpjpeCCFasX7K+U615U9D+7k5/cDK/iRwl6GptF24+I/AbKgOnXhVKePzrEyIXutLv36n4cRsq3Sg=="
    },
    "node_modules/@tailwindcss/oxide": {
      "version": "4.0.15",
      "license": "MIT",
      "engines": {
        "node": ">= 10"
      },
      "optionalDependencies": {
        "@tailwindcss/oxide-android-arm64": "4.0.15",
        "@tailwindcss/oxide-darwin-arm64": "4.0.15",
        "@tailwindcss/oxide-darwin-x64": "4.0.15",
        "@tailwindcss/oxide-freebsd-x64": "4.0.15",
        "@tailwindcss/oxide-linux-arm-gnueabihf": "4.0.15",
        "@tailwindcss/oxide-linux-arm64-gnu": "4.0.15",
        "@tailwindcss/oxide-linux-arm64-musl": "4.0.15",
        "@tailwindcss/oxide-linux-x64-gnu": "4.0.15",
        "@tailwindcss/oxide-linux-x64-musl": "4.0.15",
        "@tailwindcss/oxide-win32-arm64-msvc": "4.0.15",
        "@tailwindcss/oxide-win32-x64-msvc": "4.0.15"
      }
    },
    "node_modules/@tailwindcss/oxide-android-arm64": {
      "version": "4.1.2",
      "resolved": "https://registry.npmjs.org/@tailwindcss/oxide-android-arm64/-/oxide-android-arm64-4.1.2.tgz",
      "integrity": "sha512-IxkXbntHX8lwGmwURUj4xTr6nezHhLYqeiJeqa179eihGv99pRlKV1W69WByPJDQgSf4qfmwx904H6MkQqTA8w==",
      "cpu": [
        "arm64"
      ],
      "optional": true,
      "os": [
        "android"
      ],
      "engines": {
        "node": ">= 10"
      }
    },
    "node_modules/@tailwindcss/oxide-darwin-arm64": {
      "version": "4.0.15",
      "cpu": [
        "arm64"
      ],
      "license": "MIT",
      "optional": true,
      "os": [
        "darwin"
      ],
      "engines": {
        "node": ">= 10"
      }
    },
    "node_modules/@tailwindcss/oxide-darwin-x64": {
      "version": "4.1.2",
      "resolved": "https://registry.npmjs.org/@tailwindcss/oxide-darwin-x64/-/oxide-darwin-x64-4.1.2.tgz",
      "integrity": "sha512-BiKUNZf1A0pBNzndBvnPnBxonCY49mgbOsPfILhcCE5RM7pQlRoOgN7QnwNhY284bDbfQSEOWnFR0zbPo6IDTw==",
      "cpu": [
        "x64"
      ],
      "optional": true,
      "os": [
        "darwin"
      ],
      "engines": {
        "node": ">= 10"
      }
    },
    "node_modules/@tailwindcss/oxide-freebsd-x64": {
      "version": "4.1.2",
      "resolved": "https://registry.npmjs.org/@tailwindcss/oxide-freebsd-x64/-/oxide-freebsd-x64-4.1.2.tgz",
      "integrity": "sha512-Z30VcpUfRGkiddj4l5NRCpzbSGjhmmklVoqkVQdkEC0MOelpY+fJrVhzSaXHmWrmSvnX8yiaEqAbdDScjVujYQ==",
      "cpu": [
        "x64"
      ],
      "optional": true,
      "os": [
        "freebsd"
      ],
      "engines": {
        "node": ">= 10"
      }
    },
    "node_modules/@tailwindcss/oxide-linux-arm-gnueabihf": {
      "version": "4.1.2",
      "resolved": "https://registry.npmjs.org/@tailwindcss/oxide-linux-arm-gnueabihf/-/oxide-linux-arm-gnueabihf-4.1.2.tgz",
      "integrity": "sha512-w3wsK1ChOLeQ3gFOiwabtWU5e8fY3P1Ss8jR3IFIn/V0va3ir//hZ8AwURveS4oK1Pu6b8i+yxesT4qWnLVUow==",
      "cpu": [
        "arm"
      ],
      "optional": true,
      "os": [
        "linux"
      ],
      "engines": {
        "node": ">= 10"
      }
    },
    "node_modules/@tailwindcss/oxide-linux-arm64-gnu": {
      "version": "4.1.2",
      "resolved": "https://registry.npmjs.org/@tailwindcss/oxide-linux-arm64-gnu/-/oxide-linux-arm64-gnu-4.1.2.tgz",
      "integrity": "sha512-oY/u+xJHpndTj7B5XwtmXGk8mQ1KALMfhjWMMpE8pdVAznjJsF5KkCceJ4Fmn5lS1nHMCwZum5M3/KzdmwDMdw==",
      "cpu": [
        "arm64"
      ],
      "optional": true,
      "os": [
        "linux"
      ],
      "engines": {
        "node": ">= 10"
      }
    },
    "node_modules/@tailwindcss/oxide-linux-arm64-musl": {
      "version": "4.1.2",
      "resolved": "https://registry.npmjs.org/@tailwindcss/oxide-linux-arm64-musl/-/oxide-linux-arm64-musl-4.1.2.tgz",
      "integrity": "sha512-k7G6vcRK/D+JOWqnKzKN/yQq1q4dCkI49fMoLcfs2pVcaUAXEqCP9NmA8Jv+XahBv5DtDjSAY3HJbjosEdKczg==",
      "cpu": [
        "arm64"
      ],
      "optional": true,
      "os": [
        "linux"
      ],
      "engines": {
        "node": ">= 10"
      }
    },
    "node_modules/@tailwindcss/oxide-linux-x64-gnu": {
      "version": "4.1.2",
      "resolved": "https://registry.npmjs.org/@tailwindcss/oxide-linux-x64-gnu/-/oxide-linux-x64-gnu-4.1.2.tgz",
      "integrity": "sha512-fLL+c678TkYKgkDLLNxSjPPK/SzTec7q/E5pTwvpTqrth867dftV4ezRyhPM5PaiCqX651Y8Yk0wRQMcWUGnmQ==",
      "cpu": [
        "x64"
      ],
      "optional": true,
      "os": [
        "linux"
      ],
      "engines": {
        "node": ">= 10"
      }
    },
    "node_modules/@tailwindcss/oxide-linux-x64-musl": {
      "version": "4.1.2",
      "resolved": "https://registry.npmjs.org/@tailwindcss/oxide-linux-x64-musl/-/oxide-linux-x64-musl-4.1.2.tgz",
      "integrity": "sha512-0tU1Vjd1WucZ2ooq6y4nI9xyTSaH2g338bhrqk+2yzkMHskBm+pMsOCfY7nEIvALkA1PKPOycR4YVdlV7Czo+A==",
      "cpu": [
        "x64"
      ],
      "optional": true,
      "os": [
        "linux"
      ],
      "engines": {
        "node": ">= 10"
      }
    },
    "node_modules/@tailwindcss/oxide-win32-arm64-msvc": {
      "version": "4.1.2",
      "resolved": "https://registry.npmjs.org/@tailwindcss/oxide-win32-arm64-msvc/-/oxide-win32-arm64-msvc-4.1.2.tgz",
      "integrity": "sha512-r8QaMo3QKiHqUcn+vXYCypCEha+R0sfYxmaZSgZshx9NfkY+CHz91aS2xwNV/E4dmUDkTPUag7sSdiCHPzFVTg==",
      "cpu": [
        "arm64"
      ],
      "optional": true,
      "os": [
        "win32"
      ],
      "engines": {
        "node": ">= 10"
      }
    },
    "node_modules/@tailwindcss/oxide-win32-x64-msvc": {
      "version": "4.1.2",
      "resolved": "https://registry.npmjs.org/@tailwindcss/oxide-win32-x64-msvc/-/oxide-win32-x64-msvc-4.1.2.tgz",
      "integrity": "sha512-lYCdkPxh9JRHXoBsPE8Pu/mppUsC2xihYArNAESub41PKhHTnvn6++5RpmFM+GLSt3ewyS8fwCVvht7ulWm6cw==",
      "cpu": [
        "x64"
      ],
      "optional": true,
      "os": [
        "win32"
      ],
      "engines": {
        "node": ">= 10"
      }
    },
    "node_modules/@tailwindcss/oxide/node_modules/@tailwindcss/oxide-android-arm64": {
      "version": "4.0.15",
      "resolved": "https://registry.npmjs.org/@tailwindcss/oxide-android-arm64/-/oxide-android-arm64-4.0.15.tgz",
      "integrity": "sha512-EBuyfSKkom7N+CB3A+7c0m4+qzKuiN0WCvzPvj5ZoRu4NlQadg/mthc1tl5k9b5ffRGsbDvP4k21azU4VwVk3Q==",
      "cpu": [
        "arm64"
      ],
      "optional": true,
      "os": [
        "android"
      ],
      "engines": {
        "node": ">= 10"
      }
    },
    "node_modules/@tailwindcss/oxide/node_modules/@tailwindcss/oxide-darwin-x64": {
      "version": "4.0.15",
      "resolved": "https://registry.npmjs.org/@tailwindcss/oxide-darwin-x64/-/oxide-darwin-x64-4.0.15.tgz",
      "integrity": "sha512-IElwoFhUinOr9MyKmGTPNi1Rwdh68JReFgYWibPWTGuevkHkLWKEflZc2jtI5lWZ5U9JjUnUfnY43I4fEXrc4g==",
      "cpu": [
        "x64"
      ],
      "optional": true,
      "os": [
        "darwin"
      ],
      "engines": {
        "node": ">= 10"
      }
    },
    "node_modules/@tailwindcss/oxide/node_modules/@tailwindcss/oxide-freebsd-x64": {
      "version": "4.0.15",
      "resolved": "https://registry.npmjs.org/@tailwindcss/oxide-freebsd-x64/-/oxide-freebsd-x64-4.0.15.tgz",
      "integrity": "sha512-6BLLqyx7SIYRBOnTZ8wgfXANLJV5TQd3PevRJZp0vn42eO58A2LykRKdvL1qyPfdpmEVtF+uVOEZ4QTMqDRAWA==",
      "cpu": [
        "x64"
      ],
      "optional": true,
      "os": [
        "freebsd"
      ],
      "engines": {
        "node": ">= 10"
      }
    },
    "node_modules/@tailwindcss/oxide/node_modules/@tailwindcss/oxide-linux-arm-gnueabihf": {
      "version": "4.0.15",
      "resolved": "https://registry.npmjs.org/@tailwindcss/oxide-linux-arm-gnueabihf/-/oxide-linux-arm-gnueabihf-4.0.15.tgz",
      "integrity": "sha512-Zy63EVqO9241Pfg6G0IlRIWyY5vNcWrL5dd2WAKVJZRQVeolXEf1KfjkyeAAlErDj72cnyXObEZjMoPEKHpdNw==",
      "cpu": [
        "arm"
      ],
      "optional": true,
      "os": [
        "linux"
      ],
      "engines": {
        "node": ">= 10"
      }
    },
    "node_modules/@tailwindcss/oxide/node_modules/@tailwindcss/oxide-linux-arm64-gnu": {
      "version": "4.0.15",
      "resolved": "https://registry.npmjs.org/@tailwindcss/oxide-linux-arm64-gnu/-/oxide-linux-arm64-gnu-4.0.15.tgz",
      "integrity": "sha512-2NemGQeaTbtIp1Z2wyerbVEJZTkAWhMDOhhR5z/zJ75yMNf8yLnE+sAlyf6yGDNr+1RqvWrRhhCFt7i0CIxe4Q==",
      "cpu": [
        "arm64"
      ],
      "optional": true,
      "os": [
        "linux"
      ],
      "engines": {
        "node": ">= 10"
      }
    },
    "node_modules/@tailwindcss/oxide/node_modules/@tailwindcss/oxide-linux-arm64-musl": {
      "version": "4.0.15",
      "resolved": "https://registry.npmjs.org/@tailwindcss/oxide-linux-arm64-musl/-/oxide-linux-arm64-musl-4.0.15.tgz",
      "integrity": "sha512-342GVnhH/6PkVgKtEzvNVuQ4D+Q7B7qplvuH20Cfz9qEtydG6IQczTZ5IT4JPlh931MG1NUCVxg+CIorr1WJyw==",
      "cpu": [
        "arm64"
      ],
      "optional": true,
      "os": [
        "linux"
      ],
      "engines": {
        "node": ">= 10"
      }
    },
    "node_modules/@tailwindcss/oxide/node_modules/@tailwindcss/oxide-linux-x64-gnu": {
      "version": "4.0.15",
      "resolved": "https://registry.npmjs.org/@tailwindcss/oxide-linux-x64-gnu/-/oxide-linux-x64-gnu-4.0.15.tgz",
      "integrity": "sha512-g76GxlKH124RuGqacCEFc2nbzRl7bBrlC8qDQMiUABkiifDRHOIUjgKbLNG4RuR9hQAD/MKsqZ7A8L08zsoBrw==",
      "cpu": [
        "x64"
      ],
      "optional": true,
      "os": [
        "linux"
      ],
      "engines": {
        "node": ">= 10"
      }
    },
    "node_modules/@tailwindcss/oxide/node_modules/@tailwindcss/oxide-linux-x64-musl": {
      "version": "4.0.15",
      "resolved": "https://registry.npmjs.org/@tailwindcss/oxide-linux-x64-musl/-/oxide-linux-x64-musl-4.0.15.tgz",
      "integrity": "sha512-Gg/Y1XrKEvKpq6WeNt2h8rMIKOBj/W3mNa5NMvkQgMC7iO0+UNLrYmt6zgZufht66HozNpn+tJMbbkZ5a3LczA==",
      "cpu": [
        "x64"
      ],
      "optional": true,
      "os": [
        "linux"
      ],
      "engines": {
        "node": ">= 10"
      }
    },
    "node_modules/@tailwindcss/oxide/node_modules/@tailwindcss/oxide-win32-arm64-msvc": {
      "version": "4.0.15",
      "resolved": "https://registry.npmjs.org/@tailwindcss/oxide-win32-arm64-msvc/-/oxide-win32-arm64-msvc-4.0.15.tgz",
      "integrity": "sha512-7QtSSJwYZ7ZK1phVgcNZpuf7c7gaCj8Wb0xjliligT5qCGCp79OV2n3SJummVZdw4fbTNKUOYMO7m1GinppZyA==",
      "cpu": [
        "arm64"
      ],
      "optional": true,
      "os": [
        "win32"
      ],
      "engines": {
        "node": ">= 10"
      }
    },
    "node_modules/@tailwindcss/oxide/node_modules/@tailwindcss/oxide-win32-x64-msvc": {
      "version": "4.0.15",
      "resolved": "https://registry.npmjs.org/@tailwindcss/oxide-win32-x64-msvc/-/oxide-win32-x64-msvc-4.0.15.tgz",
      "integrity": "sha512-JQ5H+5MLhOjpgNp6KomouE0ZuKmk3hO5h7/ClMNAQ8gZI2zkli3IH8ZqLbd2DVfXDbdxN2xvooIEeIlkIoSCqw==",
      "cpu": [
        "x64"
      ],
      "optional": true,
      "os": [
        "win32"
      ],
      "engines": {
        "node": ">= 10"
      }
    },
    "node_modules/@tailwindcss/postcss": {
      "version": "4.0.15",
      "resolved": "https://registry.npmjs.org/@tailwindcss/postcss/-/postcss-4.0.15.tgz",
      "integrity": "sha512-qyrpoDKIO7wzkRbKCvGLo7gXRjT9/Njf7ZJiJhG4njrfZkvOhjwnaHpYbpxYeDysEg+9pB1R4jcd+vQ7ZUDsmQ==",
      "dependencies": {
        "@alloc/quick-lru": "^5.2.0",
        "@tailwindcss/node": "4.0.15",
        "@tailwindcss/oxide": "4.0.15",
        "lightningcss": "1.29.2",
        "postcss": "^8.4.41",
        "tailwindcss": "4.0.15"
      }
    },
    "node_modules/@tailwindcss/postcss/node_modules/tailwindcss": {
      "version": "4.0.15",
      "resolved": "https://registry.npmjs.org/tailwindcss/-/tailwindcss-4.0.15.tgz",
      "integrity": "sha512-6ZMg+hHdMJpjpeCCFasX7K+U615U9D+7k5/cDK/iRwl6GptF24+I/AbKgOnXhVKePzrEyIXutLv36n4cRsq3Sg=="
    },
    "node_modules/@tailwindcss/vite": {
      "version": "4.1.2",
      "resolved": "https://registry.npmjs.org/@tailwindcss/vite/-/vite-4.1.2.tgz",
      "integrity": "sha512-3r/ZdMW0gxY8uOx1To0lpYa4coq4CzINcCX4laM1rS340Kcn0ac4A/MMFfHN8qba51aorZMYwMcOxYk4wJ9FYg==",
      "dependencies": {
        "@tailwindcss/node": "4.1.2",
        "@tailwindcss/oxide": "4.1.2",
        "tailwindcss": "4.1.2"
      },
      "peerDependencies": {
        "vite": "^5.2.0 || ^6"
      }
    },
    "node_modules/@tailwindcss/vite/node_modules/@tailwindcss/node": {
      "version": "4.1.2",
      "resolved": "https://registry.npmjs.org/@tailwindcss/node/-/node-4.1.2.tgz",
      "integrity": "sha512-ZwFnxH+1z8Ehh8bNTMX3YFrYdzAv7JLY5X5X7XSFY+G9QGJVce/P9xb2mh+j5hKt8NceuHmdtllJvAHWKtsNrQ==",
      "dependencies": {
        "enhanced-resolve": "^5.18.1",
        "jiti": "^2.4.2",
        "lightningcss": "1.29.2",
        "tailwindcss": "4.1.2"
      }
    },
    "node_modules/@tailwindcss/vite/node_modules/@tailwindcss/oxide": {
      "version": "4.1.2",
      "resolved": "https://registry.npmjs.org/@tailwindcss/oxide/-/oxide-4.1.2.tgz",
      "integrity": "sha512-Zwz//1QKo6+KqnCKMT7lA4bspGfwEgcPAHlSthmahtgrpKDfwRGk8PKQrW8Zg/ofCDIlg6EtjSTKSxxSufC+CQ==",
      "engines": {
        "node": ">= 10"
      },
      "optionalDependencies": {
        "@tailwindcss/oxide-android-arm64": "4.1.2",
        "@tailwindcss/oxide-darwin-arm64": "4.1.2",
        "@tailwindcss/oxide-darwin-x64": "4.1.2",
        "@tailwindcss/oxide-freebsd-x64": "4.1.2",
        "@tailwindcss/oxide-linux-arm-gnueabihf": "4.1.2",
        "@tailwindcss/oxide-linux-arm64-gnu": "4.1.2",
        "@tailwindcss/oxide-linux-arm64-musl": "4.1.2",
        "@tailwindcss/oxide-linux-x64-gnu": "4.1.2",
        "@tailwindcss/oxide-linux-x64-musl": "4.1.2",
        "@tailwindcss/oxide-win32-arm64-msvc": "4.1.2",
        "@tailwindcss/oxide-win32-x64-msvc": "4.1.2"
      }
    },
    "node_modules/@tailwindcss/vite/node_modules/@tailwindcss/oxide-darwin-arm64": {
      "version": "4.1.2",
      "resolved": "https://registry.npmjs.org/@tailwindcss/oxide-darwin-arm64/-/oxide-darwin-arm64-4.1.2.tgz",
      "integrity": "sha512-ZRtiHSnFYHb4jHKIdzxlFm6EDfijTCOT4qwUhJ3GWxfDoW2yT3z/y8xg0nE7e72unsmSj6dtfZ9Y5r75FIrlpA==",
      "cpu": [
        "arm64"
      ],
      "optional": true,
      "os": [
        "darwin"
      ],
      "engines": {
        "node": ">= 10"
      }
    },
    "node_modules/@types/estree": {
      "version": "1.0.6",
      "license": "MIT"
    },
    "node_modules/detect-libc": {
      "version": "2.0.3",
      "license": "Apache-2.0",
      "engines": {
        "node": ">=8"
      }
    },
    "node_modules/enhanced-resolve": {
      "version": "5.18.1",
      "license": "MIT",
      "dependencies": {
        "graceful-fs": "^4.2.4",
        "tapable": "^2.2.0"
      },
      "engines": {
        "node": ">=10.13.0"
      }
    },
    "node_modules/esbuild": {
      "version": "0.25.1",
      "hasInstallScript": true,
      "license": "MIT",
      "bin": {
        "esbuild": "bin/esbuild"
      },
      "engines": {
        "node": ">=18"
      },
      "optionalDependencies": {
        "@esbuild/aix-ppc64": "0.25.1",
        "@esbuild/android-arm": "0.25.1",
        "@esbuild/android-arm64": "0.25.1",
        "@esbuild/android-x64": "0.25.1",
        "@esbuild/darwin-arm64": "0.25.1",
        "@esbuild/darwin-x64": "0.25.1",
        "@esbuild/freebsd-arm64": "0.25.1",
        "@esbuild/freebsd-x64": "0.25.1",
        "@esbuild/linux-arm": "0.25.1",
        "@esbuild/linux-arm64": "0.25.1",
        "@esbuild/linux-ia32": "0.25.1",
        "@esbuild/linux-loong64": "0.25.1",
        "@esbuild/linux-mips64el": "0.25.1",
        "@esbuild/linux-ppc64": "0.25.1",
        "@esbuild/linux-riscv64": "0.25.1",
        "@esbuild/linux-s390x": "0.25.1",
        "@esbuild/linux-x64": "0.25.1",
        "@esbuild/netbsd-arm64": "0.25.1",
        "@esbuild/netbsd-x64": "0.25.1",
        "@esbuild/openbsd-arm64": "0.25.1",
        "@esbuild/openbsd-x64": "0.25.1",
        "@esbuild/sunos-x64": "0.25.1",
        "@esbuild/win32-arm64": "0.25.1",
        "@esbuild/win32-ia32": "0.25.1",
        "@esbuild/win32-x64": "0.25.1"
      }
    },
    "node_modules/fsevents": {
      "version": "2.3.3",
      "license": "MIT",
      "optional": true,
      "os": [
        "darwin"
      ],
      "engines": {
        "node": "^8.16.0 || ^10.6.0 || >=11.0.0"
      }
    },
    "node_modules/graceful-fs": {
      "version": "4.2.11",
      "license": "ISC"
    },
    "node_modules/jiti": {
      "version": "2.4.2",
      "license": "MIT",
      "bin": {
        "jiti": "lib/jiti-cli.mjs"
      }
    },
    "node_modules/lightningcss": {
      "version": "1.29.2",
      "license": "MPL-2.0",
      "dependencies": {
        "detect-libc": "^2.0.3"
      },
      "engines": {
        "node": ">= 12.0.0"
      },
      "funding": {
        "type": "opencollective",
        "url": "https://opencollective.com/parcel"
      },
      "optionalDependencies": {
        "lightningcss-darwin-arm64": "1.29.2",
        "lightningcss-darwin-x64": "1.29.2",
        "lightningcss-freebsd-x64": "1.29.2",
        "lightningcss-linux-arm-gnueabihf": "1.29.2",
        "lightningcss-linux-arm64-gnu": "1.29.2",
        "lightningcss-linux-arm64-musl": "1.29.2",
        "lightningcss-linux-x64-gnu": "1.29.2",
        "lightningcss-linux-x64-musl": "1.29.2",
        "lightningcss-win32-arm64-msvc": "1.29.2",
        "lightningcss-win32-x64-msvc": "1.29.2"
      }
    },
    "node_modules/lightningcss-darwin-arm64": {
      "version": "1.29.2",
      "cpu": [
        "arm64"
      ],
      "license": "MPL-2.0",
      "optional": true,
      "os": [
        "darwin"
      ],
      "engines": {
        "node": ">= 12.0.0"
      },
      "funding": {
        "type": "opencollective",
        "url": "https://opencollective.com/parcel"
      }
    },
    "node_modules/nanoid": {
      "version": "3.3.11",
      "funding": [
        {
          "type": "github",
          "url": "https://github.com/sponsors/ai"
        }
      ],
      "license": "MIT",
      "bin": {
        "nanoid": "bin/nanoid.cjs"
      },
      "engines": {
        "node": "^10 || ^12 || ^13.7 || ^14 || >=15.0.1"
      }
    },
    "node_modules/picocolors": {
      "version": "1.1.1",
      "license": "ISC"
    },
    "node_modules/postcss": {
      "version": "8.5.3",
      "resolved": "https://registry.npmjs.org/postcss/-/postcss-8.5.3.tgz",
      "integrity": "sha512-dle9A3yYxlBSrt8Fu+IpjGT8SY8hN0mlaA6GY8t0P5PjIOZemULz/E2Bnm/2dcUOena75OTNkHI76uZBNUUq3A==",
      "funding": [
        {
          "type": "opencollective",
          "url": "https://opencollective.com/postcss/"
        },
        {
          "type": "tidelift",
          "url": "https://tidelift.com/funding/github/npm/postcss"
        },
        {
          "type": "github",
          "url": "https://github.com/sponsors/ai"
        }
      ],
      "dependencies": {
        "nanoid": "^3.3.8",
        "picocolors": "^1.1.1",
        "source-map-js": "^1.2.1"
      },
      "engines": {
        "node": "^10 || ^12 || >=14"
      }
    },
    "node_modules/prettier": {
      "version": "3.5.3",
      "dev": true,
      "license": "MIT",
      "bin": {
        "prettier": "bin/prettier.cjs"
      },
      "engines": {
        "node": ">=14"
      },
      "funding": {
        "url": "https://github.com/prettier/prettier?sponsor=1"
      }
    },
    "node_modules/rollup": {
      "version": "4.37.0",
      "license": "MIT",
      "dependencies": {
        "@types/estree": "1.0.6"
      },
      "bin": {
        "rollup": "dist/bin/rollup"
      },
      "engines": {
        "node": ">=18.0.0",
        "npm": ">=8.0.0"
      },
      "optionalDependencies": {
        "@rollup/rollup-android-arm-eabi": "4.37.0",
        "@rollup/rollup-android-arm64": "4.37.0",
        "@rollup/rollup-darwin-arm64": "4.37.0",
        "@rollup/rollup-darwin-x64": "4.37.0",
        "@rollup/rollup-freebsd-arm64": "4.37.0",
        "@rollup/rollup-freebsd-x64": "4.37.0",
        "@rollup/rollup-linux-arm-gnueabihf": "4.37.0",
        "@rollup/rollup-linux-arm-musleabihf": "4.37.0",
        "@rollup/rollup-linux-arm64-gnu": "4.37.0",
        "@rollup/rollup-linux-arm64-musl": "4.37.0",
        "@rollup/rollup-linux-loongarch64-gnu": "4.37.0",
        "@rollup/rollup-linux-powerpc64le-gnu": "4.37.0",
        "@rollup/rollup-linux-riscv64-gnu": "4.37.0",
        "@rollup/rollup-linux-riscv64-musl": "4.37.0",
        "@rollup/rollup-linux-s390x-gnu": "4.37.0",
        "@rollup/rollup-linux-x64-gnu": "4.37.0",
        "@rollup/rollup-linux-x64-musl": "4.37.0",
        "@rollup/rollup-win32-arm64-msvc": "4.37.0",
        "@rollup/rollup-win32-ia32-msvc": "4.37.0",
        "@rollup/rollup-win32-x64-msvc": "4.37.0",
        "fsevents": "~2.3.2"
      }
    },
    "node_modules/source-map-js": {
      "version": "1.2.1",
      "license": "BSD-3-Clause",
      "engines": {
        "node": ">=0.10.0"
      }
    },
    "node_modules/tailwindcss": {
      "version": "4.1.2",
      "resolved": "https://registry.npmjs.org/tailwindcss/-/tailwindcss-4.1.2.tgz",
      "integrity": "sha512-VCsK+fitIbQF7JlxXaibFhxrPq4E2hDcG8apzHUdWFMCQWD8uLdlHg4iSkZ53cgLCCcZ+FZK7vG8VjvLcnBgKw=="
    },
    "node_modules/tapable": {
      "version": "2.2.1",
      "license": "MIT",
      "engines": {
        "node": ">=6"
      }
    },
    "node_modules/vite": {
      "version": "6.2.5",
      "resolved": "https://registry.npmjs.org/vite/-/vite-6.2.5.tgz",
      "integrity": "sha512-j023J/hCAa4pRIUH6J9HemwYfjB5llR2Ps0CWeikOtdR8+pAURAk0DoJC5/mm9kd+UgdnIy7d6HE4EAvlYhPhA==",
      "dependencies": {
        "esbuild": "^0.25.0",
        "postcss": "^8.5.3",
        "rollup": "^4.30.1"
      },
      "bin": {
        "vite": "bin/vite.js"
      },
      "engines": {
        "node": "^18.0.0 || ^20.0.0 || >=22.0.0"
      },
      "funding": {
        "url": "https://github.com/vitejs/vite?sponsor=1"
      },
      "optionalDependencies": {
        "fsevents": "~2.3.3"
      },
      "peerDependencies": {
        "@types/node": "^18.0.0 || ^20.0.0 || >=22.0.0",
        "jiti": ">=1.21.0",
        "less": "*",
        "lightningcss": "^1.21.0",
        "sass": "*",
        "sass-embedded": "*",
        "stylus": "*",
        "sugarss": "*",
        "terser": "^5.16.0",
        "tsx": "^4.8.1",
        "yaml": "^2.4.2"
      },
      "peerDependenciesMeta": {
        "@types/node": {
          "optional": true
        },
        "jiti": {
          "optional": true
        },
        "less": {
          "optional": true
        },
        "lightningcss": {
          "optional": true
        },
        "sass": {
          "optional": true
        },
        "sass-embedded": {
          "optional": true
        },
        "stylus": {
          "optional": true
        },
        "sugarss": {
          "optional": true
        },
        "terser": {
          "optional": true
        },
        "tsx": {
          "optional": true
        },
        "yaml": {
          "optional": true
        }
      }
    }
  }
}
